
Microsoft Visual Studio Solution File, Format Version 12.00
# Visual Studio Version 16
VisualStudioVersion = 16.0.29409.12
MinimumVisualStudioVersion = 10.0.40219.1
Project("{FAE04EC0-301F-11D3-BF4B-00C04F79EFBC}") = "InvestingCalcLibrary", "InvestingCalcLibrary\InvestingCalcLibrary.csproj", "{714E2499-5D1A-4D1A-81AA-997CC653BC95}"
EndProject
Global
	GlobalSection(SolutionConfigurationPlatforms) = preSolution
		Debug|Any CPU = Debug|Any CPU
		Release|Any CPU = Release|Any CPU
	EndGlobalSection
	GlobalSection(ProjectConfigurationPlatforms) = postSolution
		{714E2499-5D1A-4D1A-81AA-997CC653BC95}.Debug|Any CPU.ActiveCfg = Debug|Any CPU
		{714E2499-5D1A-4D1A-81AA-997CC653BC95}.Debug|Any CPU.Build.0 = Debug|Any CPU
		{714E2499-5D1A-4D1A-81AA-997CC653BC95}.Release|Any CPU.ActiveCfg = Release|Any CPU
		{714E2499-5D1A-4D1A-81AA-997CC653BC95}.Release|Any CPU.Build.0 = Release|Any CPU
	EndGlobalSection
	GlobalSection(SolutionProperties) = preSolution
		HideSolutionNode = FALSE
	EndGlobalSection
	GlobalSection(ExtensibilityGlobals) = postSolution
		SolutionGuid = {F198405D-811D-43D7-821E-69C4E884BA99}
	EndGlobalSection
EndGlobal
